// !$*UTF8*$!
{
	archiveVersion = 1;
	classes = {
	};
	objectVersion = 48;
	objects = {

/* Begin PBXBuildFile section */
		1C17AEEF209D873800DF31C0 /* AppDelegate.swift in Sources */ = {isa = PBXBuildFile; fileRef = 1C17AEEE209D873800DF31C0 /* AppDelegate.swift */; };
		1C17AEF1209D873800DF31C0 /* ViewController.swift in Sources */ = {isa = PBXBuildFile; fileRef = 1C17AEF0209D873800DF31C0 /* ViewController.swift */; };
		1C17AEF4209D873800DF31C0 /* Main.storyboard in Resources */ = {isa = PBXBuildFile; fileRef = 1C17AEF2209D873800DF31C0 /* Main.storyboard */; };
		1C17AEF6209D873800DF31C0 /* Assets.xcassets in Resources */ = {isa = PBXBuildFile; fileRef = 1C17AEF5209D873800DF31C0 /* Assets.xcassets */; };
		1C17AEF9209D873800DF31C0 /* LaunchScreen.storyboard in Resources */ = {isa = PBXBuildFile; fileRef = 1C17AEF7209D873800DF31C0 /* LaunchScreen.storyboard */; };
		1C17AF04209D873800DF31C0 /* Table_ViewsTests.swift in Sources */ = {isa = PBXBuildFile; fileRef = 1C17AF03209D873800DF31C0 /* Table_ViewsTests.swift */; };
		1C17AF0F209D873800DF31C0 /* Table_ViewsUITests.swift in Sources */ = {isa = PBXBuildFile; fileRef = 1C17AF0E209D873800DF31C0 /* Table_ViewsUITests.swift */; };
/* End PBXBuildFile section */

/* Begin PBXContainerItemProxy section */
		1C17AF00209D873800DF31C0 /* PBXContainerItemProxy */ = {
			isa = PBXContainerItemProxy;
			containerPortal = 1C17AEE3209D873800DF31C0 /* Project object */;
			proxyType = 1;
			remoteGlobalIDString = 1C17AEEA209D873800DF31C0;
			remoteInfo = "Table Views";
		};
		1C17AF0B209D873800DF31C0 /* PBXContainerItemProxy */ = {
			isa = PBXContainerItemProxy;
			containerPortal = 1C17AEE3209D873800DF31C0 /* Project object */;
			proxyType = 1;
			remoteGlobalIDString = 1C17AEEA209D873800DF31C0;
			remoteInfo = "Table Views";
		};
/* End PBXContainerItemProxy section */

/* Begin PBXFileReference section */
		1C17AEEB209D873800DF31C0 /* Table Views.app */ = {isa = PBXFileReference; explicitFileType = wrapper.application; includeInIndex = 0; path = "Table Views.app"; sourceTree = BUILT_PRODUCTS_DIR; };
		1C17AEEE209D873800DF31C0 /* AppDelegate.swift */ = {isa = PBXFileReference; lastKnownFileType = sourcecode.swift; path = AppDelegate.swift; sourceTree = "<group>"; };
		1C17AEF0209D873800DF31C0 /* ViewController.swift */ = {isa = PBXFileReference; lastKnownFileType = sourcecode.swift; path = ViewController.swift; sourceTree = "<group>"; };
		1C17AEF3209D873800DF31C0 /* Base */ = {isa = PBXFileReference; lastKnownFileType = file.storyboard; name = Base; path = Base.lproj/Main.storyboard; sourceTree = "<group>"; };
		1C17AEF5209D873800DF31C0 /* Assets.xcassets */ = {isa = PBXFileReference; lastKnownFileType = folder.assetcatalog; path = Assets.xcassets; sourceTree = "<group>"; };
		1C17AEF8209D873800DF31C0 /* Base */ = {isa = PBXFileReference; lastKnownFileType = file.storyboard; name = Base; path = Base.lproj/LaunchScreen.storyboard; sourceTree = "<group>"; };
		1C17AEFA209D873800DF31C0 /* Info.plist */ = {isa = PBXFileReference; lastKnownFileType = text.plist.xml; path = Info.plist; sourceTree = "<group>"; };
		1C17AEFF209D873800DF31C0 /* Table ViewsTests.xctest */ = {isa = PBXFileReference; explicitFileType = wrapper.cfbundle; includeInIndex = 0; path = "Table ViewsTests.xctest"; sourceTree = BUILT_PRODUCTS_DIR; };
		1C17AF03209D873800DF31C0 /* Table_ViewsTests.swift */ = {isa = PBXFileReference; lastKnownFileType = sourcecode.swift; path = Table_ViewsTests.swift; sourceTree = "<group>"; };
		1C17AF05209D873800DF31C0 /* Info.plist */ = {isa = PBXFileReference; lastKnownFileType = text.plist.xml; path = Info.plist; sourceTree = "<group>"; };
		1C17AF0A209D873800DF31C0 /* Table ViewsUITests.xctest */ = {isa = PBXFileReference; explicitFileType = wrapper.cfbundle; includeInIndex = 0; path = "Table ViewsUITests.xctest"; sourceTree = BUILT_PRODUCTS_DIR; };
		1C17AF0E209D873800DF31C0 /* Table_ViewsUITests.swift */ = {isa = PBXFileReference; lastKnownFileType = sourcecode.swift; path = Table_ViewsUITests.swift; sourceTree = "<group>"; };
		1C17AF10209D873800DF31C0 /* Info.plist */ = {isa = PBXFileReference; lastKnownFileType = text.plist.xml; path = Info.plist; sourceTree = "<group>"; };
/* End PBXFileReference section */

/* Begin PBXFrameworksBuildPhase section */
		1C17AEE8209D873800DF31C0 /* Frameworks */ = {
			isa = PBXFrameworksBuildPhase;
			buildActionMask = 2147483647;
			files = (
			);
			runOnlyForDeploymentPostprocessing = 0;
		};
		1C17AEFC209D873800DF31C0 /* Frameworks */ = {
			isa = PBXFrameworksBuildPhase;
			buildActionMask = 2147483647;
			files = (
			);
			runOnlyForDeploymentPostprocessing = 0;
		};
		1C17AF07209D873800DF31C0 /* Frameworks */ = {
			isa = PBXFrameworksBuildPhase;
			buildActionMask = 2147483647;
			files = (
			);
			runOnlyForDeploymentPostprocessing = 0;
		};
/* End PBXFrameworksBuildPhase section */

/* Begin PBXGroup section */
		1C17AEE2209D873800DF31C0 = {
			isa = PBXGroup;
			children = (
				1C17AEED209D873800DF31C0 /* Table Views */,
				1C17AF02209D873800DF31C0 /* Table ViewsTests */,
				1C17AF0D209D873800DF31C0 /* Table ViewsUITests */,
				1C17AEEC209D873800DF31C0 /* Products */,
			);
			sourceTree = "<group>";
		};
		1C17AEEC209D873800DF31C0 /* Products */ = {
			isa = PBXGroup;
			children = (
				1C17AEEB209D873800DF31C0 /* Table Views.app */,
				1C17AEFF209D873800DF31C0 /* Table ViewsTests.xctest */,
				1C17AF0A209D873800DF31C0 /* Table ViewsUITests.xctest */,
			);
			name = Products;
			sourceTree = "<group>";
		};
		1C17AEED209D873800DF31C0 /* Table Views */ = {
			isa = PBXGroup;
			children = (
				1C17AEEE209D873800DF31C0 /* AppDelegate.swift */,
				1C17AEF0209D873800DF31C0 /* ViewController.swift */,
				1C17AEF2209D873800DF31C0 /* Main.storyboard */,
				1C17AEF5209D873800DF31C0 /* Assets.xcassets */,
				1C17AEF7209D873800DF31C0 /* LaunchScreen.storyboard */,
				1C17AEFA209D873800DF31C0 /* Info.plist */,
			);
			path = "Table Views";
			sourceTree = "<group>";
		};
		1C17AF02209D873800DF31C0 /* Table ViewsTests */ = {
			isa = PBXGroup;
			children = (
				1C17AF03209D873800DF31C0 /* Table_ViewsTests.swift */,
				1C17AF05209D873800DF31C0 /* Info.plist */,
			);
			path = "Table ViewsTests";
			sourceTree = "<group>";
		};
		1C17AF0D209D873800DF31C0 /* Table ViewsUITests */ = {
			isa = PBXGroup;
			children = (
				1C17AF0E209D873800DF31C0 /* Table_ViewsUITests.swift */,
				1C17AF10209D873800DF31C0 /* Info.plist */,
			);
			path = "Table ViewsUITests";
			sourceTree = "<group>";
		};
/* End PBXGroup section */

/* Begin PBXNativeTarget section */
		1C17AEEA209D873800DF31C0 /* Table Views */ = {
			isa = PBXNativeTarget;
			buildConfigurationList = 1C17AF13209D873800DF31C0 /* Build configuration list for PBXNativeTarget "Table Views" */;
			buildPhases = (
				1C17AEE7209D873800DF31C0 /* Sources */,
				1C17AEE8209D873800DF31C0 /* Frameworks */,
				1C17AEE9209D873800DF31C0 /* Resources */,
			);
			buildRules = (
			);
			dependencies = (
			);
			name = "Table Views";
			productName = "Table Views";
			productReference = 1C17AEEB209D873800DF31C0 /* Table Views.app */;
			productType = "com.apple.product-type.application";
		};
		1C17AEFE209D873800DF31C0 /* Table ViewsTests */ = {
			isa = PBXNativeTarget;
			buildConfigurationList = 1C17AF16209D873800DF31C0 /* Build configuration list for PBXNativeTarget "Table ViewsTests" */;
			buildPhases = (
				1C17AEFB209D873800DF31C0 /* Sources */,
				1C17AEFC209D873800DF31C0 /* Frameworks */,
				1C17AEFD209D873800DF31C0 /* Resources */,
			);
			buildRules = (
			);
			dependencies = (
				1C17AF01209D873800DF31C0 /* PBXTargetDependency */,
			);
			name = "Table ViewsTests";
			productName = "Table ViewsTests";
			productReference = 1C17AEFF209D873800DF31C0 /* Table ViewsTests.xctest */;
			productType = "com.apple.product-type.bundle.unit-test";
		};
		1C17AF09209D873800DF31C0 /* Table ViewsUITests */ = {
			isa = PBXNativeTarget;
			buildConfigurationList = 1C17AF19209D873800DF31C0 /* Build configuration list for PBXNativeTarget "Table ViewsUITests" */;
			buildPhases = (
				1C17AF06209D873800DF31C0 /* Sources */,
				1C17AF07209D873800DF31C0 /* Frameworks */,
				1C17AF08209D873800DF31C0 /* Resources */,
			);
			buildRules = (
			);
			dependencies = (
				1C17AF0C209D873800DF31C0 /* PBXTargetDependency */,
			);
			name = "Table ViewsUITests";
			productName = "Table ViewsUITests";
			productReference = 1C17AF0A209D873800DF31C0 /* Table ViewsUITests.xctest */;
			productType = "com.apple.product-type.bundle.ui-testing";
		};
/* End PBXNativeTarget section */

/* Begin PBXProject section */
		1C17AEE3209D873800DF31C0 /* Project object */ = {
			isa = PBXProject;
			attributes = {
				LastSwiftUpdateCheck = 0920;
				LastUpgradeCheck = 0920;
				ORGANIZATIONNAME = "Luciano Bruzzoni";
				TargetAttributes = {
					1C17AEEA209D873800DF31C0 = {
						CreatedOnToolsVersion = 9.2;
						ProvisioningStyle = Automatic;
					};
					1C17AEFE209D873800DF31C0 = {
						CreatedOnToolsVersion = 9.2;
						ProvisioningStyle = Automatic;
						TestTargetID = 1C17AEEA209D873800DF31C0;
					};
					1C17AF09209D873800DF31C0 = {
						CreatedOnToolsVersion = 9.2;
						ProvisioningStyle = Automatic;
						TestTargetID = 1C17AEEA209D873800DF31C0;
					};
				};
			};
			buildConfigurationList = 1C17AEE6209D873800DF31C0 /* Build configuration list for PBXProject "Table Views" */;
			compatibilityVersion = "Xcode 8.0";
			developmentRegion = en;
			hasScannedForEncodings = 0;
			knownRegions = (
				en,
				Base,
			);
			mainGroup = 1C17AEE2209D873800DF31C0;
			productRefGroup = 1C17AEEC209D873800DF31C0 /* Products */;
			projectDirPath = "";
			projectRoot = "";
			targets = (
				1C17AEEA209D873800DF31C0 /* Table Views */,
				1C17AEFE209D873800DF31C0 /* Table ViewsTests */,
				1C17AF09209D873800DF31C0 /* Table ViewsUITests */,
			);
		};
/* End PBXProject section */

/* Begin PBXResourcesBuildPhase section */
		1C17AEE9209D873800DF31C0 /* Resources */ = {
			isa = PBXResourcesBuildPhase;
			buildActionMask = 2147483647;
			files = (
				1C17AEF9209D873800DF31C0 /* LaunchScreen.storyboard in Resources */,
				1C17AEF6209D873800DF31C0 /* Assets.xcassets in Resources */,
				1C17AEF4209D873800DF31C0 /* Main.storyboard in Resources */,
			);
			runOnlyForDeploymentPostprocessing = 0;
		};
		1C17AEFD209D873800DF31C0 /* Resources */ = {
			isa = PBXResourcesBuildPhase;
			buildActionMask = 2147483647;
			files = (
			);
			runOnlyForDeploymentPostprocessing = 0;
		};
		1C17AF08209D873800DF31C0 /* Resources */ = {
			isa = PBXResourcesBuildPhase;
			buildActionMask = 2147483647;
			files = (
			);
			runOnlyForDeploymentPostprocessing = 0;
		};
/* End PBXResourcesBuildPhase section */

/* Begin PBXSourcesBuildPhase section */
		1C17AEE7209D873800DF31C0 /* Sources */ = {
			isa = PBXSourcesBuildPhase;
			buildActionMask = 2147483647;
			files = (
				1C17AEF1209D873800DF31C0 /* ViewController.swift in Sources */,
				1C17AEEF209D873800DF31C0 /* AppDelegate.swift in Sources */,
			);
			runOnlyForDeploymentPostprocessing = 0;
		};
		1C17AEFB209D873800DF31C0 /* Sources */ = {
			isa = PBXSourcesBuildPhase;
			buildActionMask = 2147483647;
			files = (
				1C17AF04209D873800DF31C0 /* Table_ViewsTests.swift in Sources */,
			);
			runOnlyForDeploymentPostprocessing = 0;
		};
		1C17AF06209D873800DF31C0 /* Sources */ = {
			isa = PBXSourcesBuildPhase;
			buildActionMask = 2147483647;
			files = (
				1C17AF0F209D873800DF31C0 /* Table_ViewsUITests.swift in Sources */,
			);
			runOnlyForDeploymentPostprocessing = 0;
		};
/* End PBXSourcesBuildPhase section */

/* Begin PBXTargetDependency section */
		1C17AF01209D873800DF31C0 /* PBXTargetDependency */ = {
			isa = PBXTargetDependency;
			target = 1C17AEEA209D873800DF31C0 /* Table Views */;
			targetProxy = 1C17AF00209D873800DF31C0 /* PBXContainerItemProxy */;
		};
		1C17AF0C209D873800DF31C0 /* PBXTargetDependency */ = {
			isa = PBXTargetDependency;
			target = 1C17AEEA209D873800DF31C0 /* Table Views */;
			targetProxy = 1C17AF0B209D873800DF31C0 /* PBXContainerItemProxy */;
		};
/* End PBXTargetDependency section */

/* Begin PBXVariantGroup section */
		1C17AEF2209D873800DF31C0 /* Main.storyboard */ = {
			isa = PBXVariantGroup;
			children = (
				1C17AEF3209D873800DF31C0 /* Base */,
			);
			name = Main.storyboard;
			sourceTree = "<group>";
		};
		1C17AEF7209D873800DF31C0 /* LaunchScreen.storyboard */ = {
			isa = PBXVariantGroup;
			children = (
				1C17AEF8209D873800DF31C0 /* Base */,
			);
			name = LaunchScreen.storyboard;
			sourceTree = "<group>";
		};
/* End PBXVariantGroup section */

/* Begin XCBuildConfiguration section */
		1C17AF11209D873800DF31C0 /* Debug */ = {
			isa = XCBuildConfiguration;
			buildSettings = {
				ALWAYS_SEARCH_USER_PATHS = NO;
				CLANG_ANALYZER_NONNULL = YES;
				CLANG_ANALYZER_NUMBER_OBJECT_CONVERSION = YES_AGGRESSIVE;
				CLANG_CXX_LANGUAGE_STANDARD = "gnu++14";
				CLANG_CXX_LIBRARY = "libc++";
				CLANG_ENABLE_MODULES = YES;
				CLANG_ENABLE_OBJC_ARC = YES;
				CLANG_WARN_BLOCK_CAPTURE_AUTORELEASING = YES;
				CLANG_WARN_BOOL_CONVERSION = YES;
				CLANG_WARN_COMMA = YES;
				CLANG_WARN_CONSTANT_CONVERSION = YES;
				CLANG_WARN_DIRECT_OBJC_ISA_USAGE = YES_ERROR;
				CLANG_WARN_DOCUMENTATION_COMMENTS = YES;
				CLANG_WARN_EMPTY_BODY = YES;
				CLANG_WARN_ENUM_CONVERSION = YES;
				CLANG_WARN_INFINITE_RECURSION = YES;
				CLANG_WARN_INT_CONVERSION = YES;
				CLANG_WARN_NON_LITERAL_NULL_CONVERSION = YES;
				CLANG_WARN_OBJC_LITERAL_CONVERSION = YES;
				CLANG_WARN_OBJC_ROOT_CLASS = YES_ERROR;
				CLANG_WARN_RANGE_LOOP_ANALYSIS = YES;
				CLANG_WARN_STRICT_PROTOTYPES = YES;
				CLANG_WARN_SUSPICIOUS_MOVE = YES;
				CLANG_WARN_UNGUARDED_AVAILABILITY = YES_AGGRESSIVE;
				CLANG_WARN_UNREACHABLE_CODE = YES;
				CLANG_WARN__DUPLICATE_METHOD_MATCH = YES;
				CODE_SIGN_IDENTITY = "iPhone Developer";
				COPY_PHASE_STRIP = NO;
				DEBUG_INFORMATION_FORMAT = dwarf;
				ENABLE_STRICT_OBJC_MSGSEND = YES;
				ENABLE_TESTABILITY = YES;
				GCC_C_LANGUAGE_STANDARD = gnu11;
				GCC_DYNAMIC_NO_PIC = NO;
				GCC_NO_COMMON_BLOCKS = YES;
				GCC_OPTIMIZATION_LEVEL = 0;
				GCC_PREPROCESSOR_DEFINITIONS = (
					"DEBUG=1",
					"$(inherited)",
				);
				GCC_WARN_64_TO_32_BIT_CONVERSION = YES;
				GCC_WARN_ABOUT_RETURN_TYPE = YES_ERROR;
				GCC_WARN_UNDECLARED_SELECTOR = YES;
				GCC_WARN_UNINITIALIZED_AUTOS = YES_AGGRESSIVE;
				GCC_WARN_UNUSED_FUNCTION = YES;
				GCC_WARN_UNUSED_VARIABLE = YES;
				IPHONEOS_DEPLOYMENT_TARGET = 11.2;
				MTL_ENABLE_DEBUG_INFO = YES;
				ONLY_ACTIVE_ARCH = YES;
				SDKROOT = iphoneos;
				SWIFT_ACTIVE_COMPILATION_CONDITIONS = DEBUG;
				SWIFT_OPTIMIZATION_LEVEL = "-Onone";
			};
			name = Debug;
		};
		1C17AF12209D873800DF31C0 /* Release */ = {
			isa = XCBuildConfiguration;
			buildSettings = {
				ALWAYS_SEARCH_USER_PATHS = NO;
				CLANG_ANALYZER_NONNULL = YES;
				CLANG_ANALYZER_NUMBER_OBJECT_CONVERSION = YES_AGGRESSIVE;
				CLANG_CXX_LANGUAGE_STANDARD = "gnu++14";
				CLANG_CXX_LIBRARY = "libc++";
				CLANG_ENABLE_MODULES = YES;
				CLANG_ENABLE_OBJC_ARC = YES;
				CLANG_WARN_BLOCK_CAPTURE_AUTORELEASING = YES;
				CLANG_WARN_BOOL_CONVERSION = YES;
				CLANG_WARN_COMMA = YES;
				CLANG_WARN_CONSTANT_CONVERSION = YES;
				CLANG_WARN_DIRECT_OBJC_ISA_USAGE = YES_ERROR;
				CLANG_WARN_DOCUMENTATION_COMMENTS = YES;
				CLANG_WARN_EMPTY_BODY = YES;
				CLANG_WARN_ENUM_CONVERSION = YES;
				CLANG_WARN_INFINITE_RECURSION = YES;
				CLANG_WARN_INT_CONVERSION = YES;
				CLANG_WARN_NON_LITERAL_NULL_CONVERSION = YES;
				CLANG_WARN_OBJC_LITERAL_CONVERSION = YES;
				CLANG_WARN_OBJC_ROOT_CLASS = YES_ERROR;
				CLANG_WARN_RANGE_LOOP_ANALYSIS = YES;
				CLANG_WARN_STRICT_PROTOTYPES = YES;
				CLANG_WARN_SUSPICIOUS_MOVE = YES;
				CLANG_WARN_UNGUARDED_AVAILABILITY = YES_AGGRESSIVE;
				CLANG_WARN_UNREACHABLE_CODE = YES;
				CLANG_WARN__DUPLICATE_METHOD_MATCH = YES;
				CODE_SIGN_IDENTITY = "iPhone Developer";
				COPY_PHASE_STRIP = NO;
				DEBUG_INFORMATION_FORMAT = "dwarf-with-dsym";
				ENABLE_NS_ASSERTIONS = NO;
				ENABLE_STRICT_OBJC_MSGSEND = YES;
				GCC_C_LANGUAGE_STANDARD = gnu11;
				GCC_NO_COMMON_BLOCKS = YES;
				GCC_WARN_64_TO_32_BIT_CONVERSION = YES;
				GCC_WARN_ABOUT_RETURN_TYPE = YES_ERROR;
				GCC_WARN_UNDECLARED_SELECTOR = YES;
				GCC_WARN_UNINITIALIZED_AUTOS = YES_AGGRESSIVE;
				GCC_WARN_UNUSED_FUNCTION = YES;
				GCC_WARN_UNUSED_VARIABLE = YES;
				IPHONEOS_DEPLOYMENT_TARGET = 11.2;
				MTL_ENABLE_DEBUG_INFO = NO;
				SDKROOT = iphoneos;
				SWIFT_OPTIMIZATION_LEVEL = "-Owholemodule";
				VALIDATE_PRODUCT = YES;
			};
			name = Release;
		};
		1C17AF14209D873800DF31C0 /* Debug */ = {
			isa = XCBuildConfiguration;
			buildSettings = {
				ASSETCATALOG_COMPILER_APPICON_NAME = AppIcon;
				CODE_SIGN_STYLE = Automatic;
				INFOPLIST_FILE = "Table Views/Info.plist";
				LD_RUNPATH_SEARCH_PATHS = "$(inherited) @executable_path/Frameworks";
				PRODUCT_BUNDLE_IDENTIFIER = "com.lucianobruzzoni.Table-Views";
				PRODUCT_NAME = "$(TARGET_NAME)";
				SWIFT_VERSION = 4.0;
				TARGETED_DEVICE_FAMILY = "1,2";
			};
			name = Debug;
		};
		1C17AF15209D873800DF31C0 /* Release */ = {
			isa = XCBuildConfiguration;
			buildSettings = {
				ASSETCATALOG_COMPILER_APPICON_NAME = AppIcon;
				CODE_SIGN_STYLE = Automatic;
				INFOPLIST_FILE = "Table Views/Info.plist";
				LD_RUNPATH_SEARCH_PATHS = "$(inherited) @executable_path/Frameworks";
				PRODUCT_BUNDLE_IDENTIFIER = "com.lucianobruzzoni.Table-Views";
				PRODUCT_NAME = "$(TARGET_NAME)";
				SWIFT_VERSION = 4.0;
				TARGETED_DEVICE_FAMILY = "1,2";
			};
			name = Release;
		};
		1C17AF17209D873800DF31C0 /* Debug */ = {
			isa = XCBuildConfiguration;
			buildSettings = {
				ALWAYS_EMBED_SWIFT_STANDARD_LIBRARIES = YES;
				BUNDLE_LOADER = "$(TEST_HOST)";
				CODE_SIGN_STYLE = Automatic;
				INFOPLIST_FILE = "Table ViewsTests/Info.plist";
				LD_RUNPATH_SEARCH_PATHS = "$(inherited) @executable_path/Frameworks @loader_path/Frameworks";
				PRODUCT_BUNDLE_IDENTIFIER = "com.lucianobruzzoni.Table-ViewsTests";
				PRODUCT_NAME = "$(TARGET_NAME)";
				SWIFT_VERSION = 4.0;
				TARGETED_DEVICE_FAMILY = "1,2";
				TEST_HOST = "$(BUILT_PRODUCTS_DIR)/Table Views.app/Table Views";
			};
			name = Debug;
		};
		1C17AF18209D873800DF31C0 /* Release */ = {
			isa = XCBuildConfiguration;
			buildSettings = {
				ALWAYS_EMBED_SWIFT_STANDARD_LIBRARIES = YES;
				BUNDLE_LOADER = "$(TEST_HOST)";
				CODE_SIGN_STYLE = Automatic;
				INFOPLIST_FILE = "Table ViewsTests/Info.plist";
				LD_RUNPATH_SEARCH_PATHS = "$(inherited) @executable_path/Frameworks @loader_path/Frameworks";
				PRODUCT_BUNDLE_IDENTIFIER = "com.lucianobruzzoni.Table-ViewsTests";
				PRODUCT_NAME = "$(TARGET_NAME)";
				SWIFT_VERSION = 4.0;
				TARGETED_DEVICE_FAMILY = "1,2";
				TEST_HOST = "$(BUILT_PRODUCTS_DIR)/Table Views.app/Table Views";
			};
			name = Release;
		};
		1C17AF1A209D873800DF31C0 /* Debug */ = {
			isa = XCBuildConfiguration;
			buildSettings = {
				ALWAYS_EMBED_SWIFT_STANDARD_LIBRARIES = YES;
				CODE_SIGN_STYLE = Automatic;
				INFOPLIST_FILE = "Table ViewsUITests/Info.plist";
				LD_RUNPATH_SEARCH_PATHS = "$(inherited) @executable_path/Frameworks @loader_path/Frameworks";
				PRODUCT_BUNDLE_IDENTIFIER = "com.lucianobruzzoni.Table-ViewsUITests";
				PRODUCT_NAME = "$(TARGET_NAME)";
				SWIFT_VERSION = 4.0;
				TARGETED_DEVICE_FAMILY = "1,2";
				TEST_TARGET_NAME = "Table Views";
			};
			name = Debug;
		};
		1C17AF1B209D873800DF31C0 /* Release */ = {
			isa = XCBuildConfiguration;
			buildSettings = {
				ALWAYS_EMBED_SWIFT_STANDARD_LIBRARIES = YES;
				CODE_SIGN_STYLE = Automatic;
				INFOPLIST_FILE = "Table ViewsUITests/Info.plist";
				LD_RUNPATH_SEARCH_PATHS = "$(inherited) @executable_path/Frameworks @loader_path/Frameworks";
				PRODUCT_BUNDLE_IDENTIFIER = "com.lucianobruzzoni.Table-ViewsUITests";
				PRODUCT_NAME = "$(TARGET_NAME)";
				SWIFT_VERSION = 4.0;
				TARGETED_DEVICE_FAMILY = "1,2";
				TEST_TARGET_NAME = "Table Views";
			};
			name = Release;
		};
/* End XCBuildConfiguration section */

/* Begin XCConfigurationList section */
		1C17AEE6209D873800DF31C0 /* Build configuration list for PBXProject "Table Views" */ = {
			isa = XCConfigurationList;
			buildConfigurations = (
				1C17AF11209D873800DF31C0 /* Debug */,
				1C17AF12209D873800DF31C0 /* Release */,
			);
			defaultConfigurationIsVisible = 0;
			defaultConfigurationName = Release;
		};
		1C17AF13209D873800DF31C0 /* Build configuration list for PBXNativeTarget "Table Views" */ = {
			isa = XCConfigurationList;
			buildConfigurations = (
				1C17AF14209D873800DF31C0 /* Debug */,
				1C17AF15209D873800DF31C0 /* Release */,
			);
			defaultConfigurationIsVisible = 0;
			defaultConfigurationName = Release;
		};
		1C17AF16209D873800DF31C0 /* Build configuration list for PBXNativeTarget "Table ViewsTests" */ = {
			isa = XCConfigurationList;
			buildConfigurations = (
				1C17AF17209D873800DF31C0 /* Debug */,
				1C17AF18209D873800DF31C0 /* Release */,
			);
			defaultConfigurationIsVisible = 0;
			defaultConfigurationName = Release;
		};
		1C17AF19209D873800DF31C0 /* Build configuration list for PBXNativeTarget "Table ViewsUITests" */ = {
			isa = XCConfigurationList;
			buildConfigurations = (
				1C17AF1A209D873800DF31C0 /* Debug */,
				1C17AF1B209D873800DF31C0 /* Release */,
			);
			defaultConfigurationIsVisible = 0;
			defaultConfigurationName = Release;
		};
/* End XCConfigurationList section */
	};
	rootObject = 1C17AEE3209D873800DF31C0 /* Project object */;
}
